// !$*UTF8*$!
{
	archiveVersion = 1;
	classes = {
	};
	objectVersion = 46;
	objects = {

/* Begin PBXBuildFile section */
		22DDD8CB17FDB98F00751412 /* InfoPlist.strings in Resources */ = {isa = PBXBuildFile; fileRef = 22DDD8C917FDB98F00751412 /* InfoPlist.strings */; };
		22DDD8DA17FDB98F00751412 /* Artemis.framework in Frameworks */ = {isa = PBXBuildFile; fileRef = 22DDD8BD17FDB98F00751412 /* Artemis.framework */; };
		22DDD90017FDB9C100751412 /* Artemis.h in Headers */ = {isa = PBXBuildFile; fileRef = 22DDD8ED17FDB9C100751412 /* Artemis.h */; settings = {ATTRIBUTES = (Public, ); }; };
		22DDD90117FDB9C100751412 /* BitSize.h in Headers */ = {isa = PBXBuildFile; fileRef = 22DDD8EE17FDB9C100751412 /* BitSize.h */; settings = {ATTRIBUTES = (Public, ); }; };
		22DDD90217FDB9C100751412 /* Component.h in Headers */ = {isa = PBXBuildFile; fileRef = 22DDD8EF17FDB9C100751412 /* Component.h */; settings = {ATTRIBUTES = (Public, ); }; };
		22DDD90317FDB9C100751412 /* ComponentMapper.h in Headers */ = {isa = PBXBuildFile; fileRef = 22DDD8F017FDB9C100751412 /* ComponentMapper.h */; settings = {ATTRIBUTES = (Public, ); }; };
		22DDD90417FDB9C100751412 /* ComponentType.h in Headers */ = {isa = PBXBuildFile; fileRef = 22DDD8F117FDB9C100751412 /* ComponentType.h */; settings = {ATTRIBUTES = (Public, ); }; };
		22DDD90517FDB9C100751412 /* ComponentTypeManager.h in Headers */ = {isa = PBXBuildFile; fileRef = 22DDD8F217FDB9C100751412 /* ComponentTypeManager.h */; settings = {ATTRIBUTES = (Public, ); }; };
		22DDD90617FDB9C100751412 /* DelayedEntityProcessingSystem.h in Headers */ = {isa = PBXBuildFile; fileRef = 22DDD8F317FDB9C100751412 /* DelayedEntityProcessingSystem.h */; settings = {ATTRIBUTES = (Public, ); }; };
		22DDD90717FDB9C100751412 /* DelayedEntitySystem.h in Headers */ = {isa = PBXBuildFile; fileRef = 22DDD8F417FDB9C100751412 /* DelayedEntitySystem.h */; settings = {ATTRIBUTES = (Public, ); }; };
		22DDD90817FDB9C100751412 /* Entity.h in Headers */ = {isa = PBXBuildFile; fileRef = 22DDD8F517FDB9C100751412 /* Entity.h */; settings = {ATTRIBUTES = (Public, ); }; };
		22DDD90917FDB9C100751412 /* EntityManager.h in Headers */ = {isa = PBXBuildFile; fileRef = 22DDD8F617FDB9C100751412 /* EntityManager.h */; settings = {ATTRIBUTES = (Public, ); }; };
		22DDD90A17FDB9C100751412 /* EntityProcessingSystem.h in Headers */ = {isa = PBXBuildFile; fileRef = 22DDD8F717FDB9C100751412 /* EntityProcessingSystem.h */; settings = {ATTRIBUTES = (Public, ); }; };
		22DDD90B17FDB9C100751412 /* EntitySystem.h in Headers */ = {isa = PBXBuildFile; fileRef = 22DDD8F817FDB9C100751412 /* EntitySystem.h */; settings = {ATTRIBUTES = (Public, ); }; };
		22DDD90C17FDB9C100751412 /* GroupManager.h in Headers */ = {isa = PBXBuildFile; fileRef = 22DDD8F917FDB9C100751412 /* GroupManager.h */; settings = {ATTRIBUTES = (Public, ); }; };
		22DDD90D17FDB9C100751412 /* ImmutableBag.h in Headers */ = {isa = PBXBuildFile; fileRef = 22DDD8FA17FDB9C100751412 /* ImmutableBag.h */; settings = {ATTRIBUTES = (Public, ); }; };
		22DDD90E17FDB9C100751412 /* SystemBitManager.h in Headers */ = {isa = PBXBuildFile; fileRef = 22DDD8FB17FDB9C100751412 /* SystemBitManager.h */; settings = {ATTRIBUTES = (Public, ); }; };
		22DDD90F17FDB9C100751412 /* SystemManager.h in Headers */ = {isa = PBXBuildFile; fileRef = 22DDD8FC17FDB9C100751412 /* SystemManager.h */; settings = {ATTRIBUTES = (Public, ); }; };
		22DDD91017FDB9C100751412 /* TagManager.h in Headers */ = {isa = PBXBuildFile; fileRef = 22DDD8FD17FDB9C100751412 /* TagManager.h */; settings = {ATTRIBUTES = (Public, ); }; };
		22DDD91117FDB9C100751412 /* TypeInfoComparator.h in Headers */ = {isa = PBXBuildFile; fileRef = 22DDD8FE17FDB9C100751412 /* TypeInfoComparator.h */; settings = {ATTRIBUTES = (Public, ); }; };
		22DDD91217FDB9C100751412 /* World.h in Headers */ = {isa = PBXBuildFile; fileRef = 22DDD8FF17FDB9C100751412 /* World.h */; settings = {ATTRIBUTES = (Public, ); }; };
		22DDD92217FDB9CD00751412 /* Component.cpp in Sources */ = {isa = PBXBuildFile; fileRef = 22DDD91317FDB9CD00751412 /* Component.cpp */; };
		22DDD92317FDB9CD00751412 /* ComponentType.cpp in Sources */ = {isa = PBXBuildFile; fileRef = 22DDD91417FDB9CD00751412 /* ComponentType.cpp */; };
		22DDD92417FDB9CD00751412 /* ComponentTypeManager.cpp in Sources */ = {isa = PBXBuildFile; fileRef = 22DDD91517FDB9CD00751412 /* ComponentTypeManager.cpp */; };
		22DDD92517FDB9CD00751412 /* DelayedEntityProcessingSystem.cpp in Sources */ = {isa = PBXBuildFile; fileRef = 22DDD91617FDB9CD00751412 /* DelayedEntityProcessingSystem.cpp */; };
		22DDD92617FDB9CD00751412 /* DelayedEntitySystem.cpp in Sources */ = {isa = PBXBuildFile; fileRef = 22DDD91717FDB9CD00751412 /* DelayedEntitySystem.cpp */; };
		22DDD92717FDB9CD00751412 /* Entity in Resources */ = {isa = PBXBuildFile; fileRef = 22DDD91817FDB9CD00751412 /* Entity */; };
		22DDD92817FDB9CD00751412 /* Entity.cpp in Sources */ = {isa = PBXBuildFile; fileRef = 22DDD91917FDB9CD00751412 /* Entity.cpp */; };
		22DDD92917FDB9CD00751412 /* EntityManager.cpp in Sources */ = {isa = PBXBuildFile; fileRef = 22DDD91A17FDB9CD00751412 /* EntityManager.cpp */; };
		22DDD92A17FDB9CD00751412 /* EntityProcessingSystem.cpp in Sources */ = {isa = PBXBuildFile; fileRef = 22DDD91B17FDB9CD00751412 /* EntityProcessingSystem.cpp */; };
		22DDD92B17FDB9CD00751412 /* EntitySystem.cpp in Sources */ = {isa = PBXBuildFile; fileRef = 22DDD91C17FDB9CD00751412 /* EntitySystem.cpp */; };
		22DDD92C17FDB9CD00751412 /* GroupManager.cpp in Sources */ = {isa = PBXBuildFile; fileRef = 22DDD91D17FDB9CD00751412 /* GroupManager.cpp */; };
		22DDD92D17FDB9CD00751412 /* SystemBitManager.cpp in Sources */ = {isa = PBXBuildFile; fileRef = 22DDD91E17FDB9CD00751412 /* SystemBitManager.cpp */; };
		22DDD92E17FDB9CD00751412 /* SystemManager.cpp in Sources */ = {isa = PBXBuildFile; fileRef = 22DDD91F17FDB9CD00751412 /* SystemManager.cpp */; };
		22DDD92F17FDB9CD00751412 /* TagManager.cpp in Sources */ = {isa = PBXBuildFile; fileRef = 22DDD92017FDB9CD00751412 /* TagManager.cpp */; };
		22DDD93017FDB9CD00751412 /* World.cpp in Sources */ = {isa = PBXBuildFile; fileRef = 22DDD92117FDB9CD00751412 /* World.cpp */; };
/* End PBXBuildFile section */

/* Begin PBXContainerItemProxy section */
		22DDD8D817FDB98F00751412 /* PBXContainerItemProxy */ = {
			isa = PBXContainerItemProxy;
			containerPortal = 22DDD8B417FDB98F00751412 /* Project object */;
			proxyType = 1;
			remoteGlobalIDString = 22DDD8BC17FDB98F00751412;
			remoteInfo = Artemis;
		};
/* End PBXContainerItemProxy section */

/* Begin PBXFileReference section */
		22DDD8BD17FDB98F00751412 /* Artemis.framework */ = {isa = PBXFileReference; explicitFileType = wrapper.framework; includeInIndex = 0; path = Artemis.framework; sourceTree = BUILT_PRODUCTS_DIR; };
		22DDD8C817FDB98F00751412 /* Artemis-Info.plist */ = {isa = PBXFileReference; lastKnownFileType = text.plist.xml; path = "Artemis-Info.plist"; sourceTree = "<group>"; };
		22DDD8CA17FDB98F00751412 /* en */ = {isa = PBXFileReference; lastKnownFileType = text.plist.strings; name = en; path = en.lproj/InfoPlist.strings; sourceTree = "<group>"; };
		22DDD8CC17FDB98F00751412 /* Artemis-Prefix.pch */ = {isa = PBXFileReference; lastKnownFileType = sourcecode.c.h; path = "Artemis-Prefix.pch"; sourceTree = "<group>"; };
		22DDD8D417FDB98F00751412 /* ArtemisTests.xctest */ = {isa = PBXFileReference; explicitFileType = wrapper.cfbundle; includeInIndex = 0; path = ArtemisTests.xctest; sourceTree = BUILT_PRODUCTS_DIR; };
		22DDD8ED17FDB9C100751412 /* Artemis.h */ = {isa = PBXFileReference; fileEncoding = 4; lastKnownFileType = sourcecode.c.h; name = Artemis.h; path = ../../../include/Artemis.h; sourceTree = "<group>"; };
		22DDD8EE17FDB9C100751412 /* BitSize.h */ = {isa = PBXFileReference; fileEncoding = 4; lastKnownFileType = sourcecode.c.h; name = BitSize.h; path = ../../../include/BitSize.h; sourceTree = "<group>"; };
		22DDD8EF17FDB9C100751412 /* Component.h */ = {isa = PBXFileReference; fileEncoding = 4; lastKnownFileType = sourcecode.c.h; name = Component.h; path = ../../../include/Component.h; sourceTree = "<group>"; };
		22DDD8F017FDB9C100751412 /* ComponentMapper.h */ = {isa = PBXFileReference; fileEncoding = 4; lastKnownFileType = sourcecode.c.h; name = ComponentMapper.h; path = ../../../include/ComponentMapper.h; sourceTree = "<group>"; };
		22DDD8F117FDB9C100751412 /* ComponentType.h */ = {isa = PBXFileReference; fileEncoding = 4; lastKnownFileType = sourcecode.c.h; name = ComponentType.h; path = ../../../include/ComponentType.h; sourceTree = "<group>"; };
		22DDD8F217FDB9C100751412 /* ComponentTypeManager.h */ = {isa = PBXFileReference; fileEncoding = 4; lastKnownFileType = sourcecode.c.h; name = ComponentTypeManager.h; path = ../../../include/ComponentTypeManager.h; sourceTree = "<group>"; };
		22DDD8F317FDB9C100751412 /* DelayedEntityProcessingSystem.h */ = {isa = PBXFileReference; fileEncoding = 4; lastKnownFileType = sourcecode.c.h; name = DelayedEntityProcessingSystem.h; path = ../../../include/DelayedEntityProcessingSystem.h; sourceTree = "<group>"; };
		22DDD8F417FDB9C100751412 /* DelayedEntitySystem.h */ = {isa = PBXFileReference; fileEncoding = 4; lastKnownFileType = sourcecode.c.h; name = DelayedEntitySystem.h; path = ../../../include/DelayedEntitySystem.h; sourceTree = "<group>"; };
		22DDD8F517FDB9C100751412 /* Entity.h */ = {isa = PBXFileReference; fileEncoding = 4; lastKnownFileType = sourcecode.c.h; name = Entity.h; path = ../../../include/Entity.h; sourceTree = "<group>"; };
		22DDD8F617FDB9C100751412 /* EntityManager.h */ = {isa = PBXFileReference; fileEncoding = 4; lastKnownFileType = sourcecode.c.h; name = EntityManager.h; path = ../../../include/EntityManager.h; sourceTree = "<group>"; };
		22DDD8F717FDB9C100751412 /* EntityProcessingSystem.h */ = {isa = PBXFileReference; fileEncoding = 4; lastKnownFileType = sourcecode.c.h; name = EntityProcessingSystem.h; path = ../../../include/EntityProcessingSystem.h; sourceTree = "<group>"; };
		22DDD8F817FDB9C100751412 /* EntitySystem.h */ = {isa = PBXFileReference; fileEncoding = 4; lastKnownFileType = sourcecode.c.h; name = EntitySystem.h; path = ../../../include/EntitySystem.h; sourceTree = "<group>"; };
		22DDD8F917FDB9C100751412 /* GroupManager.h */ = {isa = PBXFileReference; fileEncoding = 4; lastKnownFileType = sourcecode.c.h; name = GroupManager.h; path = ../../../include/GroupManager.h; sourceTree = "<group>"; };
		22DDD8FA17FDB9C100751412 /* ImmutableBag.h */ = {isa = PBXFileReference; fileEncoding = 4; lastKnownFileType = sourcecode.c.h; name = ImmutableBag.h; path = ../../../include/ImmutableBag.h; sourceTree = "<group>"; };
		22DDD8FB17FDB9C100751412 /* SystemBitManager.h */ = {isa = PBXFileReference; fileEncoding = 4; lastKnownFileType = sourcecode.c.h; name = SystemBitManager.h; path = ../../../include/SystemBitManager.h; sourceTree = "<group>"; };
		22DDD8FC17FDB9C100751412 /* SystemManager.h */ = {isa = PBXFileReference; fileEncoding = 4; lastKnownFileType = sourcecode.c.h; name = SystemManager.h; path = ../../../include/SystemManager.h; sourceTree = "<group>"; };
		22DDD8FD17FDB9C100751412 /* TagManager.h */ = {isa = PBXFileReference; fileEncoding = 4; lastKnownFileType = sourcecode.c.h; name = TagManager.h; path = ../../../include/TagManager.h; sourceTree = "<group>"; };
		22DDD8FE17FDB9C100751412 /* TypeInfoComparator.h */ = {isa = PBXFileReference; fileEncoding = 4; lastKnownFileType = sourcecode.c.h; name = TypeInfoComparator.h; path = ../../../include/TypeInfoComparator.h; sourceTree = "<group>"; };
		22DDD8FF17FDB9C100751412 /* World.h */ = {isa = PBXFileReference; fileEncoding = 4; lastKnownFileType = sourcecode.c.h; name = World.h; path = ../../../include/World.h; sourceTree = "<group>"; };
		22DDD91317FDB9CD00751412 /* Component.cpp */ = {isa = PBXFileReference; fileEncoding = 4; lastKnownFileType = sourcecode.cpp.cpp; name = Component.cpp; path = ../../../src/Component.cpp; sourceTree = "<group>"; };
		22DDD91417FDB9CD00751412 /* ComponentType.cpp */ = {isa = PBXFileReference; fileEncoding = 4; lastKnownFileType = sourcecode.cpp.cpp; name = ComponentType.cpp; path = ../../../src/ComponentType.cpp; sourceTree = "<group>"; };
		22DDD91517FDB9CD00751412 /* ComponentTypeManager.cpp */ = {isa = PBXFileReference; fileEncoding = 4; lastKnownFileType = sourcecode.cpp.cpp; name = ComponentTypeManager.cpp; path = ../../../src/ComponentTypeManager.cpp; sourceTree = "<group>"; };
		22DDD91617FDB9CD00751412 /* DelayedEntityProcessingSystem.cpp */ = {isa = PBXFileReference; fileEncoding = 4; lastKnownFileType = sourcecode.cpp.cpp; name = DelayedEntityProcessingSystem.cpp; path = ../../../src/DelayedEntityProcessingSystem.cpp; sourceTree = "<group>"; };
		22DDD91717FDB9CD00751412 /* DelayedEntitySystem.cpp */ = {isa = PBXFileReference; fileEncoding = 4; lastKnownFileType = sourcecode.cpp.cpp; name = DelayedEntitySystem.cpp; path = ../../../src/DelayedEntitySystem.cpp; sourceTree = "<group>"; };
		22DDD91817FDB9CD00751412 /* Entity */ = {isa = PBXFileReference; fileEncoding = 4; lastKnownFileType = text; name = Entity; path = ../../../src/Entity; sourceTree = "<group>"; };
		22DDD91917FDB9CD00751412 /* Entity.cpp */ = {isa = PBXFileReference; fileEncoding = 4; lastKnownFileType = sourcecode.cpp.cpp; name = Entity.cpp; path = ../../../src/Entity.cpp; sourceTree = "<group>"; };
		22DDD91A17FDB9CD00751412 /* EntityManager.cpp */ = {isa = PBXFileReference; fileEncoding = 4; lastKnownFileType = sourcecode.cpp.cpp; name = EntityManager.cpp; path = ../../../src/EntityManager.cpp; sourceTree = "<group>"; };
		22DDD91B17FDB9CD00751412 /* EntityProcessingSystem.cpp */ = {isa = PBXFileReference; fileEncoding = 4; lastKnownFileType = sourcecode.cpp.cpp; name = EntityProcessingSystem.cpp; path = ../../../src/EntityProcessingSystem.cpp; sourceTree = "<group>"; };
		22DDD91C17FDB9CD00751412 /* EntitySystem.cpp */ = {isa = PBXFileReference; fileEncoding = 4; lastKnownFileType = sourcecode.cpp.cpp; name = EntitySystem.cpp; path = ../../../src/EntitySystem.cpp; sourceTree = "<group>"; };
		22DDD91D17FDB9CD00751412 /* GroupManager.cpp */ = {isa = PBXFileReference; fileEncoding = 4; lastKnownFileType = sourcecode.cpp.cpp; name = GroupManager.cpp; path = ../../../src/GroupManager.cpp; sourceTree = "<group>"; };
		22DDD91E17FDB9CD00751412 /* SystemBitManager.cpp */ = {isa = PBXFileReference; fileEncoding = 4; lastKnownFileType = sourcecode.cpp.cpp; name = SystemBitManager.cpp; path = ../../../src/SystemBitManager.cpp; sourceTree = "<group>"; };
		22DDD91F17FDB9CD00751412 /* SystemManager.cpp */ = {isa = PBXFileReference; fileEncoding = 4; lastKnownFileType = sourcecode.cpp.cpp; name = SystemManager.cpp; path = ../../../src/SystemManager.cpp; sourceTree = "<group>"; };
		22DDD92017FDB9CD00751412 /* TagManager.cpp */ = {isa = PBXFileReference; fileEncoding = 4; lastKnownFileType = sourcecode.cpp.cpp; name = TagManager.cpp; path = ../../../src/TagManager.cpp; sourceTree = "<group>"; };
		22DDD92117FDB9CD00751412 /* World.cpp */ = {isa = PBXFileReference; fileEncoding = 4; lastKnownFileType = sourcecode.cpp.cpp; name = World.cpp; path = ../../../src/World.cpp; sourceTree = "<group>"; };
/* End PBXFileReference section */

/* Begin PBXFrameworksBuildPhase section */
		22DDD8B917FDB98F00751412 /* Frameworks */ = {
			isa = PBXFrameworksBuildPhase;
			buildActionMask = 2147483647;
			files = (
			);
			runOnlyForDeploymentPostprocessing = 0;
		};
		22DDD8D117FDB98F00751412 /* Frameworks */ = {
			isa = PBXFrameworksBuildPhase;
			buildActionMask = 2147483647;
			files = (
				22DDD8DA17FDB98F00751412 /* Artemis.framework in Frameworks */,
			);
			runOnlyForDeploymentPostprocessing = 0;
		};
/* End PBXFrameworksBuildPhase section */

/* Begin PBXGroup section */
		22DDD8B317FDB98F00751412 = {
			isa = PBXGroup;
			children = (
				22DDD8C617FDB98F00751412 /* Artemis */,
				22DDD8BE17FDB98F00751412 /* Products */,
			);
			sourceTree = "<group>";
		};
		22DDD8BE17FDB98F00751412 /* Products */ = {
			isa = PBXGroup;
			children = (
				22DDD8BD17FDB98F00751412 /* Artemis.framework */,
				22DDD8D417FDB98F00751412 /* ArtemisTests.xctest */,
			);
			name = Products;
			sourceTree = "<group>";
		};
		22DDD8C617FDB98F00751412 /* Artemis */ = {
			isa = PBXGroup;
			children = (
				22DDD8EC17FDB9B200751412 /* Sources */,
				22DDD8EB17FDB9AB00751412 /* Headers */,
				22DDD8C717FDB98F00751412 /* Supporting Files */,
			);
			path = Artemis;
			sourceTree = "<group>";
		};
		22DDD8C717FDB98F00751412 /* Supporting Files */ = {
			isa = PBXGroup;
			children = (
				22DDD8C817FDB98F00751412 /* Artemis-Info.plist */,
				22DDD8C917FDB98F00751412 /* InfoPlist.strings */,
				22DDD8CC17FDB98F00751412 /* Artemis-Prefix.pch */,
			);
			name = "Supporting Files";
			sourceTree = "<group>";
		};
		22DDD8EB17FDB9AB00751412 /* Headers */ = {
			isa = PBXGroup;
			children = (
				22DDD8ED17FDB9C100751412 /* Artemis.h */,
				22DDD8EE17FDB9C100751412 /* BitSize.h */,
				22DDD8EF17FDB9C100751412 /* Component.h */,
				22DDD8F017FDB9C100751412 /* ComponentMapper.h */,
				22DDD8F117FDB9C100751412 /* ComponentType.h */,
				22DDD8F217FDB9C100751412 /* ComponentTypeManager.h */,
				22DDD8F317FDB9C100751412 /* DelayedEntityProcessingSystem.h */,
				22DDD8F417FDB9C100751412 /* DelayedEntitySystem.h */,
				22DDD8F517FDB9C100751412 /* Entity.h */,
				22DDD8F617FDB9C100751412 /* EntityManager.h */,
				22DDD8F717FDB9C100751412 /* EntityProcessingSystem.h */,
				22DDD8F817FDB9C100751412 /* EntitySystem.h */,
				22DDD8F917FDB9C100751412 /* GroupManager.h */,
				22DDD8FA17FDB9C100751412 /* ImmutableBag.h */,
				22DDD8FB17FDB9C100751412 /* SystemBitManager.h */,
				22DDD8FC17FDB9C100751412 /* SystemManager.h */,
				22DDD8FD17FDB9C100751412 /* TagManager.h */,
				22DDD8FE17FDB9C100751412 /* TypeInfoComparator.h */,
				22DDD8FF17FDB9C100751412 /* World.h */,
			);
			name = Headers;
			sourceTree = "<group>";
		};
		22DDD8EC17FDB9B200751412 /* Sources */ = {
			isa = PBXGroup;
			children = (
				22DDD91317FDB9CD00751412 /* Component.cpp */,
				22DDD91417FDB9CD00751412 /* ComponentType.cpp */,
				22DDD91517FDB9CD00751412 /* ComponentTypeManager.cpp */,
				22DDD91617FDB9CD00751412 /* DelayedEntityProcessingSystem.cpp */,
				22DDD91717FDB9CD00751412 /* DelayedEntitySystem.cpp */,
				22DDD91817FDB9CD00751412 /* Entity */,
				22DDD91917FDB9CD00751412 /* Entity.cpp */,
				22DDD91A17FDB9CD00751412 /* EntityManager.cpp */,
				22DDD91B17FDB9CD00751412 /* EntityProcessingSystem.cpp */,
				22DDD91C17FDB9CD00751412 /* EntitySystem.cpp */,
				22DDD91D17FDB9CD00751412 /* GroupManager.cpp */,
				22DDD91E17FDB9CD00751412 /* SystemBitManager.cpp */,
				22DDD91F17FDB9CD00751412 /* SystemManager.cpp */,
				22DDD92017FDB9CD00751412 /* TagManager.cpp */,
				22DDD92117FDB9CD00751412 /* World.cpp */,
			);
			name = Sources;
			sourceTree = "<group>";
		};
/* End PBXGroup section */

/* Begin PBXHeadersBuildPhase section */
		22DDD8BA17FDB98F00751412 /* Headers */ = {
			isa = PBXHeadersBuildPhase;
			buildActionMask = 2147483647;
			files = (
				22DDD90517FDB9C100751412 /* ComponentTypeManager.h in Headers */,
				22DDD90217FDB9C100751412 /* Component.h in Headers */,
				22DDD90B17FDB9C100751412 /* EntitySystem.h in Headers */,
				22DDD90017FDB9C100751412 /* Artemis.h in Headers */,
				22DDD91017FDB9C100751412 /* TagManager.h in Headers */,
				22DDD90117FDB9C100751412 /* BitSize.h in Headers */,
				22DDD90F17FDB9C100751412 /* SystemManager.h in Headers */,
				22DDD90417FDB9C100751412 /* ComponentType.h in Headers */,
				22DDD91117FDB9C100751412 /* TypeInfoComparator.h in Headers */,
				22DDD90717FDB9C100751412 /* DelayedEntitySystem.h in Headers */,
				22DDD90617FDB9C100751412 /* DelayedEntityProcessingSystem.h in Headers */,
				22DDD91217FDB9C100751412 /* World.h in Headers */,
				22DDD90D17FDB9C100751412 /* ImmutableBag.h in Headers */,
				22DDD90317FDB9C100751412 /* ComponentMapper.h in Headers */,
				22DDD90E17FDB9C100751412 /* SystemBitManager.h in Headers */,
				22DDD90817FDB9C100751412 /* Entity.h in Headers */,
				22DDD90917FDB9C100751412 /* EntityManager.h in Headers */,
				22DDD90A17FDB9C100751412 /* EntityProcessingSystem.h in Headers */,
				22DDD90C17FDB9C100751412 /* GroupManager.h in Headers */,
			);
			runOnlyForDeploymentPostprocessing = 0;
		};
/* End PBXHeadersBuildPhase section */

/* Begin PBXNativeTarget section */
		22DDD8BC17FDB98F00751412 /* Artemis */ = {
			isa = PBXNativeTarget;
			buildConfigurationList = 22DDD8E517FDB98F00751412 /* Build configuration list for PBXNativeTarget "Artemis" */;
			buildPhases = (
				22DDD8B817FDB98F00751412 /* Sources */,
				22DDD8B917FDB98F00751412 /* Frameworks */,
				22DDD8BA17FDB98F00751412 /* Headers */,
				22DDD8BB17FDB98F00751412 /* Resources */,
			);
			buildRules = (
			);
			dependencies = (
			);
			name = Artemis;
			productName = Artemis;
			productReference = 22DDD8BD17FDB98F00751412 /* Artemis.framework */;
			productType = "com.apple.product-type.framework";
		};
		22DDD8D317FDB98F00751412 /* ArtemisTests */ = {
			isa = PBXNativeTarget;
			buildConfigurationList = 22DDD8E817FDB98F00751412 /* Build configuration list for PBXNativeTarget "ArtemisTests" */;
			buildPhases = (
				22DDD8D017FDB98F00751412 /* Sources */,
				22DDD8D117FDB98F00751412 /* Frameworks */,
				22DDD8D217FDB98F00751412 /* Resources */,
			);
			buildRules = (
			);
			dependencies = (
				22DDD8D917FDB98F00751412 /* PBXTargetDependency */,
			);
			name = ArtemisTests;
			productName = ArtemisTests;
			productReference = 22DDD8D417FDB98F00751412 /* ArtemisTests.xctest */;
			productType = "com.apple.product-type.bundle.unit-test";
		};
/* End PBXNativeTarget section */

/* Begin PBXProject section */
		22DDD8B417FDB98F00751412 /* Project object */ = {
			isa = PBXProject;
			attributes = {
				LastUpgradeCheck = 0500;
				ORGANIZATIONNAME = "José Ladislao Lainez Ortega";
				TargetAttributes = {
					22DDD8D317FDB98F00751412 = {
						TestTargetID = 22DDD8BC17FDB98F00751412;
					};
				};
			};
			buildConfigurationList = 22DDD8B717FDB98F00751412 /* Build configuration list for PBXProject "Artemis" */;
			compatibilityVersion = "Xcode 3.2";
			developmentRegion = English;
			hasScannedForEncodings = 0;
			knownRegions = (
				en,
			);
			mainGroup = 22DDD8B317FDB98F00751412;
			productRefGroup = 22DDD8BE17FDB98F00751412 /* Products */;
			projectDirPath = "";
			projectRoot = "";
			targets = (
				22DDD8BC17FDB98F00751412 /* Artemis */,
				22DDD8D317FDB98F00751412 /* ArtemisTests */,
			);
		};
/* End PBXProject section */

/* Begin PBXResourcesBuildPhase section */
		22DDD8BB17FDB98F00751412 /* Resources */ = {
			isa = PBXResourcesBuildPhase;
			buildActionMask = 2147483647;
			files = (
				22DDD8CB17FDB98F00751412 /* InfoPlist.strings in Resources */,
				22DDD92717FDB9CD00751412 /* Entity in Resources */,
			);
			runOnlyForDeploymentPostprocessing = 0;
		};
		22DDD8D217FDB98F00751412 /* Resources */ = {
			isa = PBXResourcesBuildPhase;
			buildActionMask = 2147483647;
			files = (
			);
			runOnlyForDeploymentPostprocessing = 0;
		};
/* End PBXResourcesBuildPhase section */

/* Begin PBXSourcesBuildPhase section */
		22DDD8B817FDB98F00751412 /* Sources */ = {
			isa = PBXSourcesBuildPhase;
			buildActionMask = 2147483647;
			files = (
				22DDD92217FDB9CD00751412 /* Component.cpp in Sources */,
				22DDD92D17FDB9CD00751412 /* SystemBitManager.cpp in Sources */,
				22DDD92317FDB9CD00751412 /* ComponentType.cpp in Sources */,
				22DDD92A17FDB9CD00751412 /* EntityProcessingSystem.cpp in Sources */,
				22DDD92C17FDB9CD00751412 /* GroupManager.cpp in Sources */,
				22DDD92B17FDB9CD00751412 /* EntitySystem.cpp in Sources */,
				22DDD92417FDB9CD00751412 /* ComponentTypeManager.cpp in Sources */,
				22DDD92517FDB9CD00751412 /* DelayedEntityProcessingSystem.cpp in Sources */,
				22DDD93017FDB9CD00751412 /* World.cpp in Sources */,
				22DDD92817FDB9CD00751412 /* Entity.cpp in Sources */,
				22DDD92917FDB9CD00751412 /* EntityManager.cpp in Sources */,
				22DDD92E17FDB9CD00751412 /* SystemManager.cpp in Sources */,
				22DDD92F17FDB9CD00751412 /* TagManager.cpp in Sources */,
				22DDD92617FDB9CD00751412 /* DelayedEntitySystem.cpp in Sources */,
			);
			runOnlyForDeploymentPostprocessing = 0;
		};
		22DDD8D017FDB98F00751412 /* Sources */ = {
			isa = PBXSourcesBuildPhase;
			buildActionMask = 2147483647;
			files = (
			);
			runOnlyForDeploymentPostprocessing = 0;
		};
/* End PBXSourcesBuildPhase section */

/* Begin PBXTargetDependency section */
		22DDD8D917FDB98F00751412 /* PBXTargetDependency */ = {
			isa = PBXTargetDependency;
			target = 22DDD8BC17FDB98F00751412 /* Artemis */;
			targetProxy = 22DDD8D817FDB98F00751412 /* PBXContainerItemProxy */;
		};
/* End PBXTargetDependency section */

/* Begin PBXVariantGroup section */
		22DDD8C917FDB98F00751412 /* InfoPlist.strings */ = {
			isa = PBXVariantGroup;
			children = (
				22DDD8CA17FDB98F00751412 /* en */,
			);
			name = InfoPlist.strings;
			sourceTree = "<group>";
		};
/* End PBXVariantGroup section */

/* Begin XCBuildConfiguration section */
		22DDD8E317FDB98F00751412 /* Debug */ = {
			isa = XCBuildConfiguration;
			buildSettings = {
				ALWAYS_SEARCH_USER_PATHS = NO;
				CLANG_CXX_LANGUAGE_STANDARD = "gnu++0x";
				CLANG_CXX_LIBRARY = "libc++";
				CLANG_ENABLE_OBJC_ARC = YES;
				CLANG_WARN_BOOL_CONVERSION = YES;
				CLANG_WARN_CONSTANT_CONVERSION = YES;
				CLANG_WARN_DIRECT_OBJC_ISA_USAGE = YES_ERROR;
				CLANG_WARN_EMPTY_BODY = YES;
				CLANG_WARN_ENUM_CONVERSION = YES;
				CLANG_WARN_INT_CONVERSION = YES;
				CLANG_WARN_OBJC_ROOT_CLASS = YES_ERROR;
				CLANG_WARN__DUPLICATE_METHOD_MATCH = YES;
				COPY_PHASE_STRIP = NO;
				GCC_C_LANGUAGE_STANDARD = gnu99;
				GCC_DYNAMIC_NO_PIC = NO;
				GCC_ENABLE_OBJC_EXCEPTIONS = YES;
				GCC_OPTIMIZATION_LEVEL = 0;
				GCC_PREPROCESSOR_DEFINITIONS = (
					"DEBUG=1",
					"$(inherited)",
				);
				GCC_SYMBOLS_PRIVATE_EXTERN = NO;
				GCC_WARN_64_TO_32_BIT_CONVERSION = YES;
				GCC_WARN_ABOUT_RETURN_TYPE = YES_ERROR;
				GCC_WARN_UNDECLARED_SELECTOR = YES;
				GCC_WARN_UNINITIALIZED_AUTOS = YES;
				GCC_WARN_UNUSED_FUNCTION = YES;
				GCC_WARN_UNUSED_VARIABLE = YES;
				MACOSX_DEPLOYMENT_TARGET = 10.8;
				ONLY_ACTIVE_ARCH = YES;
				SDKROOT = macosx;
			};
			name = Debug;
		};
		22DDD8E417FDB98F00751412 /* Release */ = {
			isa = XCBuildConfiguration;
			buildSettings = {
				ALWAYS_SEARCH_USER_PATHS = NO;
				CLANG_CXX_LANGUAGE_STANDARD = "gnu++0x";
				CLANG_CXX_LIBRARY = "libc++";
				CLANG_ENABLE_OBJC_ARC = YES;
				CLANG_WARN_BOOL_CONVERSION = YES;
				CLANG_WARN_CONSTANT_CONVERSION = YES;
				CLANG_WARN_DIRECT_OBJC_ISA_USAGE = YES_ERROR;
				CLANG_WARN_EMPTY_BODY = YES;
				CLANG_WARN_ENUM_CONVERSION = YES;
				CLANG_WARN_INT_CONVERSION = YES;
				CLANG_WARN_OBJC_ROOT_CLASS = YES_ERROR;
				CLANG_WARN__DUPLICATE_METHOD_MATCH = YES;
				COPY_PHASE_STRIP = YES;
				DEBUG_INFORMATION_FORMAT = "dwarf-with-dsym";
				ENABLE_NS_ASSERTIONS = NO;
				GCC_C_LANGUAGE_STANDARD = gnu99;
				GCC_ENABLE_OBJC_EXCEPTIONS = YES;
				GCC_WARN_64_TO_32_BIT_CONVERSION = YES;
				GCC_WARN_ABOUT_RETURN_TYPE = YES_ERROR;
				GCC_WARN_UNDECLARED_SELECTOR = YES;
				GCC_WARN_UNINITIALIZED_AUTOS = YES;
				GCC_WARN_UNUSED_FUNCTION = YES;
				GCC_WARN_UNUSED_VARIABLE = YES;
				MACOSX_DEPLOYMENT_TARGET = 10.8;
				SDKROOT = macosx;
			};
			name = Release;
		};
		22DDD8E617FDB98F00751412 /* Debug */ = {
			isa = XCBuildConfiguration;
			buildSettings = {
				COMBINE_HIDPI_IMAGES = YES;
				DYLIB_COMPATIBILITY_VERSION = 1;
				DYLIB_CURRENT_VERSION = 1;
				FRAMEWORK_VERSION = A;
				GCC_PRECOMPILE_PREFIX_HEADER = YES;
				GCC_PREFIX_HEADER = "Artemis/Artemis-Prefix.pch";
				INFOPLIST_FILE = "Artemis/Artemis-Info.plist";
				PRODUCT_NAME = "$(TARGET_NAME)";
				WRAPPER_EXTENSION = framework;
			};
			name = Debug;
		};
		22DDD8E717FDB98F00751412 /* Release */ = {
			isa = XCBuildConfiguration;
			buildSettings = {
				COMBINE_HIDPI_IMAGES = YES;
				DYLIB_COMPATIBILITY_VERSION = 1;
				DYLIB_CURRENT_VERSION = 1;
				FRAMEWORK_VERSION = A;
				GCC_PRECOMPILE_PREFIX_HEADER = YES;
				GCC_PREFIX_HEADER = "Artemis/Artemis-Prefix.pch";
				INFOPLIST_FILE = "Artemis/Artemis-Info.plist";
				PRODUCT_NAME = "$(TARGET_NAME)";
				WRAPPER_EXTENSION = framework;
			};
			name = Release;
		};
		22DDD8E917FDB98F00751412 /* Debug */ = {
			isa = XCBuildConfiguration;
			buildSettings = {
				BUNDLE_LOADER = "$(BUILT_PRODUCTS_DIR)/Artemis.framework/Versions/A/Artemis";
				COMBINE_HIDPI_IMAGES = YES;
				FRAMEWORK_SEARCH_PATHS = (
					"$(DEVELOPER_FRAMEWORKS_DIR)",
					"$(inherited)",
				);
				GCC_PRECOMPILE_PREFIX_HEADER = YES;
				GCC_PREFIX_HEADER = "Artemis/Artemis-Prefix.pch";
				GCC_PREPROCESSOR_DEFINITIONS = (
					"DEBUG=1",
					"$(inherited)",
				);
				INFOPLIST_FILE = "ArtemisTests/ArtemisTests-Info.plist";
				PRODUCT_NAME = "$(TARGET_NAME)";
				TEST_HOST = "$(BUNDLE_LOADER)";
				WRAPPER_EXTENSION = xctest;
			};
			name = Debug;
		};
		22DDD8EA17FDB98F00751412 /* Release */ = {
			isa = XCBuildConfiguration;
			buildSettings = {
				BUNDLE_LOADER = "$(BUILT_PRODUCTS_DIR)/Artemis.framework/Versions/A/Artemis";
				COMBINE_HIDPI_IMAGES = YES;
				FRAMEWORK_SEARCH_PATHS = (
					"$(DEVELOPER_FRAMEWORKS_DIR)",
					"$(inherited)",
				);
				GCC_PRECOMPILE_PREFIX_HEADER = YES;
				GCC_PREFIX_HEADER = "Artemis/Artemis-Prefix.pch";
				INFOPLIST_FILE = "ArtemisTests/ArtemisTests-Info.plist";
				PRODUCT_NAME = "$(TARGET_NAME)";
				TEST_HOST = "$(BUNDLE_LOADER)";
				WRAPPER_EXTENSION = xctest;
			};
			name = Release;
		};
/* End XCBuildConfiguration section */

/* Begin XCConfigurationList section */
		22DDD8B717FDB98F00751412 /* Build configuration list for PBXProject "Artemis" */ = {
			isa = XCConfigurationList;
			buildConfigurations = (
				22DDD8E317FDB98F00751412 /* Debug */,
				22DDD8E417FDB98F00751412 /* Release */,
			);
			defaultConfigurationIsVisible = 0;
			defaultConfigurationName = Release;
		};
		22DDD8E517FDB98F00751412 /* Build configuration list for PBXNativeTarget "Artemis" */ = {
			isa = XCConfigurationList;
			buildConfigurations = (
				22DDD8E617FDB98F00751412 /* Debug */,
				22DDD8E717FDB98F00751412 /* Release */,
			);
			defaultConfigurationIsVisible = 0;
		};
		22DDD8E817FDB98F00751412 /* Build configuration list for PBXNativeTarget "ArtemisTests" */ = {
			isa = XCConfigurationList;
			buildConfigurations = (
				22DDD8E917FDB98F00751412 /* Debug */,
				22DDD8EA17FDB98F00751412 /* Release */,
			);
			defaultConfigurationIsVisible = 0;
		};
/* End XCConfigurationList section */
	};
	rootObject = 22DDD8B417FDB98F00751412 /* Project object */;
}
